
Microsoft Visual Studio Solution File, Format Version 12.00
# Visual Studio 15
VisualStudioVersion = 15.0.26430.14
MinimumVisualStudioVersion = 10.0.40219.1
Project("{FAE04EC0-301F-11D3-BF4B-00C04F79EFBC}") = "AccountsService", "AccountsService\AccountsService.csproj", "{2ED24A1A-CFBE-4257-AB0D-75B2987FB0E9}"
EndProject
Project("{FAE04EC0-301F-11D3-BF4B-00C04F79EFBC}") = "AccountsService.Interface", "AccountsService.Interface\AccountsService.Interface.csproj", "{652FB133-DB5B-4799-BD1F-BA75D1732EA1}"
EndProject
Project("{FAE04EC0-301F-11D3-BF4B-00C04F79EFBC}") = "AccountsService.Client", "AccountsService.Client\AccountsService.Client.csproj", "{8722FD77-FF68-406A-B65C-5CE935BB18AA}"
EndProject
Project("{2150E333-8FDC-42A3-9474-1A3956D46DE8}") = "Configs", "Configs", "{AD14BE0E-4118-4F9F-BAF5-37396D19A9C9}"
	ProjectSection(SolutionItems) = preProject
		Configs\Config.config = Configs\Config.config
		Configs\envVars.json = Configs\envVars.json
		Configs\loadPaths.json = Configs\loadPaths.json
	EndProjectSection
EndProject
Project("{FAE04EC0-301F-11D3-BF4B-00C04F79EFBC}") = "GpuService.Interface", "..\GpuService\GpuService.Interface\GpuService.Interface.csproj", "{D36ABE93-0E80-4BCF-8411-18B46309D0F7}"
EndProject
Global
	GlobalSection(SolutionConfigurationPlatforms) = preSolution
		Debug|Any CPU = Debug|Any CPU
		Release|Any CPU = Release|Any CPU
	EndGlobalSection
	GlobalSection(ProjectConfigurationPlatforms) = postSolution
		{2ED24A1A-CFBE-4257-AB0D-75B2987FB0E9}.Debug|Any CPU.ActiveCfg = Debug|Any CPU
		{2ED24A1A-CFBE-4257-AB0D-75B2987FB0E9}.Debug|Any CPU.Build.0 = Debug|Any CPU
		{2ED24A1A-CFBE-4257-AB0D-75B2987FB0E9}.Release|Any CPU.ActiveCfg = Release|Any CPU
		{2ED24A1A-CFBE-4257-AB0D-75B2987FB0E9}.Release|Any CPU.Build.0 = Release|Any CPU
		{652FB133-DB5B-4799-BD1F-BA75D1732EA1}.Debug|Any CPU.ActiveCfg = Debug|Any CPU
		{652FB133-DB5B-4799-BD1F-BA75D1732EA1}.Debug|Any CPU.Build.0 = Debug|Any CPU
		{652FB133-DB5B-4799-BD1F-BA75D1732EA1}.Release|Any CPU.ActiveCfg = Release|Any CPU
		{652FB133-DB5B-4799-BD1F-BA75D1732EA1}.Release|Any CPU.Build.0 = Release|Any CPU
		{8722FD77-FF68-406A-B65C-5CE935BB18AA}.Debug|Any CPU.ActiveCfg = Debug|Any CPU
		{8722FD77-FF68-406A-B65C-5CE935BB18AA}.Debug|Any CPU.Build.0 = Debug|Any CPU
		{8722FD77-FF68-406A-B65C-5CE935BB18AA}.Release|Any CPU.ActiveCfg = Release|Any CPU
		{8722FD77-FF68-406A-B65C-5CE935BB18AA}.Release|Any CPU.Build.0 = Release|Any CPU
		{D36ABE93-0E80-4BCF-8411-18B46309D0F7}.Debug|Any CPU.ActiveCfg = Debug|Any CPU
		{D36ABE93-0E80-4BCF-8411-18B46309D0F7}.Debug|Any CPU.Build.0 = Debug|Any CPU
		{D36ABE93-0E80-4BCF-8411-18B46309D0F7}.Release|Any CPU.ActiveCfg = Release|Any CPU
		{D36ABE93-0E80-4BCF-8411-18B46309D0F7}.Release|Any CPU.Build.0 = Release|Any CPU
	EndGlobalSection
	GlobalSection(SolutionProperties) = preSolution
		HideSolutionNode = FALSE
	EndGlobalSection
EndGlobal
